
Microsoft Visual Studio Solution File, Format Version 12.00
# Visual Studio Version 16
VisualStudioVersion = 16.0.31727.386
MinimumVisualStudioVersion = 10.0.40219.1
Project("{FAE04EC0-301F-11D3-BF4B-00C04F79EFBC}") = "IamArpit.Web", "IamArpit.Web\IamArpit.Web.csproj", "{2B15BE0F-7C30-47D6-A95D-B0A2F3C1C8A8}"
EndProject
Project("{FAE04EC0-301F-11D3-BF4B-00C04F79EFBC}") = "IamArpit.Database", "IamArpit.Database\IamArpit.Database.csproj", "{0C7A63CA-994D-4794-8F5C-E9CE0BED02E9}"
EndProject
Project("{FAE04EC0-301F-11D3-BF4B-00C04F79EFBC}") = "IamArpit.Services", "IamArpit.Services\IamArpit.Services.csproj", "{AA10B5C0-861D-41F0-BECB-1AFC4DA1AE10}"
EndProject
Global
	GlobalSection(SolutionConfigurationPlatforms) = preSolution
		Debug|Any CPU = Debug|Any CPU
		Release|Any CPU = Release|Any CPU
	EndGlobalSection
	GlobalSection(ProjectConfigurationPlatforms) = postSolution
		{2B15BE0F-7C30-47D6-A95D-B0A2F3C1C8A8}.Debug|Any CPU.ActiveCfg = Debug|Any CPU
		{2B15BE0F-7C30-47D6-A95D-B0A2F3C1C8A8}.Debug|Any CPU.Build.0 = Debug|Any CPU
		{2B15BE0F-7C30-47D6-A95D-B0A2F3C1C8A8}.Release|Any CPU.ActiveCfg = Release|Any CPU
		{2B15BE0F-7C30-47D6-A95D-B0A2F3C1C8A8}.Release|Any CPU.Build.0 = Release|Any CPU
		{0C7A63CA-994D-4794-8F5C-E9CE0BED02E9}.Debug|Any CPU.ActiveCfg = Debug|Any CPU
		{0C7A63CA-994D-4794-8F5C-E9CE0BED02E9}.Debug|Any CPU.Build.0 = Debug|Any CPU
		{0C7A63CA-994D-4794-8F5C-E9CE0BED02E9}.Release|Any CPU.ActiveCfg = Release|Any CPU
		{0C7A63CA-994D-4794-8F5C-E9CE0BED02E9}.Release|Any CPU.Build.0 = Release|Any CPU
		{AA10B5C0-861D-41F0-BECB-1AFC4DA1AE10}.Debug|Any CPU.ActiveCfg = Debug|Any CPU
		{AA10B5C0-861D-41F0-BECB-1AFC4DA1AE10}.Debug|Any CPU.Build.0 = Debug|Any CPU
		{AA10B5C0-861D-41F0-BECB-1AFC4DA1AE10}.Release|Any CPU.ActiveCfg = Release|Any CPU
		{AA10B5C0-861D-41F0-BECB-1AFC4DA1AE10}.Release|Any CPU.Build.0 = Release|Any CPU
	EndGlobalSection
	GlobalSection(SolutionProperties) = preSolution
		HideSolutionNode = FALSE
	EndGlobalSection
	GlobalSection(ExtensibilityGlobals) = postSolution
		SolutionGuid = {51583219-560B-4FCB-A6AE-188F3DA166D7}
	EndGlobalSection
EndGlobal
